
Microsoft Visual Studio Solution File, Format Version 12.00
# Visual Studio Version 17
VisualStudioVersion = 17.8.34316.72
MinimumVisualStudioVersion = 10.0.40219.1
Project("{FAE04EC0-301F-11D3-BF4B-00C04F79EFBC}") = "TheApp", "TheApp\TheApp.csproj", "{F30022F1-8B00-4BC8-AC01-8EB1E3312BDF}"
EndProject
Global
	GlobalSection(SolutionConfigurationPlatforms) = preSolution
		Debug|Any CPU = Debug|Any CPU
		Release|Any CPU = Release|Any CPU
	EndGlobalSection
	GlobalSection(ProjectConfigurationPlatforms) = postSolution
		{F30022F1-8B00-4BC8-AC01-8EB1E3312BDF}.Debug|Any CPU.ActiveCfg = Debug|Any CPU
		{F30022F1-8B00-4BC8-AC01-8EB1E3312BDF}.Debug|Any CPU.Build.0 = Debug|Any CPU
		{F30022F1-8B00-4BC8-AC01-8EB1E3312BDF}.Release|Any CPU.ActiveCfg = Release|Any CPU
		{F30022F1-8B00-4BC8-AC01-8EB1E3312BDF}.Release|Any CPU.Build.0 = Release|Any CPU
	EndGlobalSection
	GlobalSection(SolutionProperties) = preSolution
		HideSolutionNode = FALSE
	EndGlobalSection
	GlobalSection(ExtensibilityGlobals) = postSolution
		SolutionGuid = {318836B1-70E9-4982-81C7-C64007186C9B}
	EndGlobalSection
EndGlobal
